
Microsoft Visual Studio Solution File, Format Version 12.00
# Visual Studio Version 17
VisualStudioVersion = 17.9.34616.47
MinimumVisualStudioVersion = 10.0.40219.1
Project("{2150E333-8FDC-42A3-9474-1A3956D46DE8}") = "Application", "Application", "{A5C11628-75A0-4C46-9220-2BFD567B5AF8}"
EndProject
Project("{2150E333-8FDC-42A3-9474-1A3956D46DE8}") = "Domain", "Domain", "{3DEEDF7B-AB88-4821-99BD-C6309CE801E6}"
EndProject
Project("{2150E333-8FDC-42A3-9474-1A3956D46DE8}") = "Infrastructure", "Infrastructure", "{63AAA74A-BB80-4E58-8185-A5D688D38E12}"
EndProject
Project("{2150E333-8FDC-42A3-9474-1A3956D46DE8}") = "Services", "Services", "{9D47DF99-97A2-44C3-9EB8-28FB2B345B50}"
EndProject
Project("{2150E333-8FDC-42A3-9474-1A3956D46DE8}") = "Utilities", "Utilities", "{79C7D4F5-A126-44BB-9343-3A9B538262B7}"
EndProject
Project("{9A19103F-16F7-4668-BE54-9A1E7A4F7556}") = "CLINICAL.Infrastructure", "src\CLINICAL.Infrastructure\CLINICAL.Infrastructure.csproj", "{DACC67BD-077A-4734-9D21-FBD755FC6F1D}"
EndProject
Project("{9A19103F-16F7-4668-BE54-9A1E7A4F7556}") = "CLINICAL.Domain", "src\CLINICAL.Domain\CLINICAL.Domain.csproj", "{90948A3D-F358-4E60-95C1-D4AAFD616C89}"
EndProject
Project("{FAE04EC0-301F-11D3-BF4B-00C04F79EFBC}") = "CLINICAL.Persistence", "src\CLINICAL.Persistence\CLINICAL.Persistence.csproj", "{C63D6CDE-3336-484E-AC59-B0E4A1CE72B0}"
EndProject
Project("{FAE04EC0-301F-11D3-BF4B-00C04F79EFBC}") = "CLINICAL.Application.Dtos", "src\CLINICAL.Application.Dtos\CLINICAL.Application.Dtos.csproj", "{0A3A033B-E111-4FC1-9060-9913000F2571}"
EndProject
Project("{FAE04EC0-301F-11D3-BF4B-00C04F79EFBC}") = "CLINICAL.Application.Interface", "src\CLINICAL.Application.Interface\CLINICAL.Application.Interface.csproj", "{C9EA599B-67AB-494A-9A04-77704A894530}"
EndProject
Project("{FAE04EC0-301F-11D3-BF4B-00C04F79EFBC}") = "CLINICAL.Application.UseCase", "src\CLINICAL.Application.UseCase\CLINICAL.Application.UseCase.csproj", "{F0A54B5B-BB67-454A-97C0-28D50419A51E}"
EndProject
Project("{FAE04EC0-301F-11D3-BF4B-00C04F79EFBC}") = "CLINICAL.Api", "src\CLINICAL.Api\CLINICAL.Api.csproj", "{67394892-2044-4378-BFB3-788F758156C3}"
EndProject
Project("{FAE04EC0-301F-11D3-BF4B-00C04F79EFBC}") = "CLINICAL.Utilities", "src\CLINICAL.Utilities\CLINICAL.Utilities.csproj", "{3C66451B-7194-4918-AC2C-18B33FB501D5}"
EndProject
Global
	GlobalSection(SolutionConfigurationPlatforms) = preSolution
		Debug|Any CPU = Debug|Any CPU
		Release|Any CPU = Release|Any CPU
	EndGlobalSection
	GlobalSection(ProjectConfigurationPlatforms) = postSolution
		{DACC67BD-077A-4734-9D21-FBD755FC6F1D}.Debug|Any CPU.ActiveCfg = Debug|Any CPU
		{DACC67BD-077A-4734-9D21-FBD755FC6F1D}.Debug|Any CPU.Build.0 = Debug|Any CPU
		{DACC67BD-077A-4734-9D21-FBD755FC6F1D}.Release|Any CPU.ActiveCfg = Release|Any CPU
		{DACC67BD-077A-4734-9D21-FBD755FC6F1D}.Release|Any CPU.Build.0 = Release|Any CPU
		{90948A3D-F358-4E60-95C1-D4AAFD616C89}.Debug|Any CPU.ActiveCfg = Debug|Any CPU
		{90948A3D-F358-4E60-95C1-D4AAFD616C89}.Debug|Any CPU.Build.0 = Debug|Any CPU
		{90948A3D-F358-4E60-95C1-D4AAFD616C89}.Release|Any CPU.ActiveCfg = Release|Any CPU
		{90948A3D-F358-4E60-95C1-D4AAFD616C89}.Release|Any CPU.Build.0 = Release|Any CPU
		{C63D6CDE-3336-484E-AC59-B0E4A1CE72B0}.Debug|Any CPU.ActiveCfg = Debug|Any CPU
		{C63D6CDE-3336-484E-AC59-B0E4A1CE72B0}.Debug|Any CPU.Build.0 = Debug|Any CPU
		{C63D6CDE-3336-484E-AC59-B0E4A1CE72B0}.Release|Any CPU.ActiveCfg = Release|Any CPU
		{C63D6CDE-3336-484E-AC59-B0E4A1CE72B0}.Release|Any CPU.Build.0 = Release|Any CPU
		{0A3A033B-E111-4FC1-9060-9913000F2571}.Debug|Any CPU.ActiveCfg = Debug|Any CPU
		{0A3A033B-E111-4FC1-9060-9913000F2571}.Debug|Any CPU.Build.0 = Debug|Any CPU
		{0A3A033B-E111-4FC1-9060-9913000F2571}.Release|Any CPU.ActiveCfg = Release|Any CPU
		{0A3A033B-E111-4FC1-9060-9913000F2571}.Release|Any CPU.Build.0 = Release|Any CPU
		{C9EA599B-67AB-494A-9A04-77704A894530}.Debug|Any CPU.ActiveCfg = Debug|Any CPU
		{C9EA599B-67AB-494A-9A04-77704A894530}.Debug|Any CPU.Build.0 = Debug|Any CPU
		{C9EA599B-67AB-494A-9A04-77704A894530}.Release|Any CPU.ActiveCfg = Release|Any CPU
		{C9EA599B-67AB-494A-9A04-77704A894530}.Release|Any CPU.Build.0 = Release|Any CPU
		{F0A54B5B-BB67-454A-97C0-28D50419A51E}.Debug|Any CPU.ActiveCfg = Debug|Any CPU
		{F0A54B5B-BB67-454A-97C0-28D50419A51E}.Debug|Any CPU.Build.0 = Debug|Any CPU
		{F0A54B5B-BB67-454A-97C0-28D50419A51E}.Release|Any CPU.ActiveCfg = Release|Any CPU
		{F0A54B5B-BB67-454A-97C0-28D50419A51E}.Release|Any CPU.Build.0 = Release|Any CPU
		{67394892-2044-4378-BFB3-788F758156C3}.Debug|Any CPU.ActiveCfg = Debug|Any CPU
		{67394892-2044-4378-BFB3-788F758156C3}.Debug|Any CPU.Build.0 = Debug|Any CPU
		{67394892-2044-4378-BFB3-788F758156C3}.Release|Any CPU.ActiveCfg = Release|Any CPU
		{67394892-2044-4378-BFB3-788F758156C3}.Release|Any CPU.Build.0 = Release|Any CPU
		{3C66451B-7194-4918-AC2C-18B33FB501D5}.Debug|Any CPU.ActiveCfg = Debug|Any CPU
		{3C66451B-7194-4918-AC2C-18B33FB501D5}.Debug|Any CPU.Build.0 = Debug|Any CPU
		{3C66451B-7194-4918-AC2C-18B33FB501D5}.Release|Any CPU.ActiveCfg = Release|Any CPU
		{3C66451B-7194-4918-AC2C-18B33FB501D5}.Release|Any CPU.Build.0 = Release|Any CPU
	EndGlobalSection
	GlobalSection(SolutionProperties) = preSolution
		HideSolutionNode = FALSE
	EndGlobalSection
	GlobalSection(NestedProjects) = preSolution
		{DACC67BD-077A-4734-9D21-FBD755FC6F1D} = {63AAA74A-BB80-4E58-8185-A5D688D38E12}
		{90948A3D-F358-4E60-95C1-D4AAFD616C89} = {3DEEDF7B-AB88-4821-99BD-C6309CE801E6}
		{C63D6CDE-3336-484E-AC59-B0E4A1CE72B0} = {63AAA74A-BB80-4E58-8185-A5D688D38E12}
		{0A3A033B-E111-4FC1-9060-9913000F2571} = {A5C11628-75A0-4C46-9220-2BFD567B5AF8}
		{C9EA599B-67AB-494A-9A04-77704A894530} = {A5C11628-75A0-4C46-9220-2BFD567B5AF8}
		{F0A54B5B-BB67-454A-97C0-28D50419A51E} = {A5C11628-75A0-4C46-9220-2BFD567B5AF8}
		{67394892-2044-4378-BFB3-788F758156C3} = {9D47DF99-97A2-44C3-9EB8-28FB2B345B50}
		{3C66451B-7194-4918-AC2C-18B33FB501D5} = {79C7D4F5-A126-44BB-9343-3A9B538262B7}
	EndGlobalSection
	GlobalSection(ExtensibilityGlobals) = postSolution
		SolutionGuid = {1AB57620-1E51-4BAD-BC04-513789A4EDEC}
	EndGlobalSection
EndGlobal
